<?xml version="1.0" encoding="utf-8"?>
<Project ToolsVersion="4.0" xmlns="http://schemas.microsoft.com/developer/msbuild/2003">
  <ItemGroup>
    <Filter Include="Headers">
      <UniqueIdentifier>{93995380-89BD-4b04-88EB-625FBE52EBFB}</UniqueIdentifier>
      <Extensions>h;hh;hpp;hxx;hm;inl;inc;xsd</Extensions>
    </Filter>
    <Filter Include="Source">
      <UniqueIdentifier>{4FC737F1-C7A5-4376-A066-2A32D752A2FF}</UniqueIdentifier>
      <Extensions>cpp;c;cc;cxx;def;odl;idl;hpj;bat;asm;asmx</Extensions>
    </Filter>
    <Filter Include="Headers\Menu">
      <UniqueIdentifier>{ef302e28-6b35-4ad7-911f-de9fc06cbafb}</UniqueIdentifier>
    </Filter>
    <Filter Include="Headers\Data">
      <UniqueIdentifier>{b351cd82-af09-441f-904c-4448d80a1591}</UniqueIdentifier>
    </Filter>
    <Filter Include="Headers\Menu\TitleScreen">
      <UniqueIdentifier>{a8159375-45b6-4194-9ec3-d247c0a979fb}</UniqueIdentifier>
    </Filter>
  </ItemGroup>
  <ItemGroup>
    <ClCompile Include="main.cpp">
      <Filter>Source</Filter>
    </ClCompile>
    <ClCompile Include="Player.cpp">
      <Filter>Source</Filter>
    </ClCompile>
  </ItemGroup>
  <ItemGroup>
    <ClInclude Include="Player.h">
      <Filter>Headers</Filter>
    </ClInclude>
    <ClInclude Include="Button.h">
      <Filter>Headers\Menu</Filter>
    </ClInclude>
    <ClInclude Include="Menu.h">
      <Filter>Headers\Menu</Filter>
    </ClInclude>
    <ClInclude Include="KeyBindings.h">
      <Filter>Headers\Data</Filter>
    </ClInclude>
    <ClInclude Include="WorldStats.h">
      <Filter>Headers\Data</Filter>
    </ClInclude>
    <ClInclude Include="Timer.h">
      <Filter>Headers\Data</Filter>
    </ClInclude>
    <ClInclude Include="TitleScreen.h">
      <Filter>Headers\Menu\TitleScreen</Filter>
    </ClInclude>
    <ClInclude Include="MainMenu.h">
      <Filter>Headers\Menu</Filter>
    </ClInclude>
  </ItemGroup>
</Project>