<?xml version="1.0" encoding="utf-8"?>
<Project ToolsVersion="4.0" xmlns="http://schemas.microsoft.com/developer/msbuild/2003">
  <ItemGroup>
    <Filter Include="Headers">
      <UniqueIdentifier>{93995380-89BD-4b04-88EB-625FBE52EBFB}</UniqueIdentifier>
      <Extensions>h;hh;hpp;hxx;hm;inl;inc;xsd</Extensions>
    </Filter>
    <Filter Include="Source">
      <UniqueIdentifier>{4FC737F1-C7A5-4376-A066-2A32D752A2FF}</UniqueIdentifier>
      <Extensions>cpp;c;cc;cxx;def;odl;idl;hpj;bat;asm;asmx</Extensions>
    </Filter>
    <Filter Include="Headers\Menu">
      <UniqueIdentifier>{ef302e28-6b35-4ad7-911f-de9fc06cbafb}</UniqueIdentifier>
    </Filter>
    <Filter Include="Headers\Data">
      <UniqueIdentifier>{b351cd82-af09-441f-904c-4448d80a1591}</UniqueIdentifier>
    </Filter>
    <Filter Include="Headers\Menu\TitleScreen">
      <UniqueIdentifier>{a8159375-45b6-4194-9ec3-d247c0a979fb}</UniqueIdentifier>
    </Filter>
    <Filter Include="Source\Menu">
      <UniqueIdentifier>{49c46fa2-5ae4-4b92-88b3-ae5a74f2bd5e}</UniqueIdentifier>
    </Filter>
    <Filter Include="Headers\UIElements">
      <UniqueIdentifier>{ceb62ad5-76d0-4cde-94f9-974bac22c989}</UniqueIdentifier>
    </Filter>
    <Filter Include="Source\UIElements">
      <UniqueIdentifier>{d339d870-f4af-408b-83d6-dab9e2d28004}</UniqueIdentifier>
    </Filter>
    <Filter Include="Source\GameObject">
      <UniqueIdentifier>{3982e68a-2da7-43aa-b1b0-b6dbdb37613e}</UniqueIdentifier>
    </Filter>
    <Filter Include="Headers\GameObject">
      <UniqueIdentifier>{45946117-5680-4d0b-aac3-b1e16dac87e5}</UniqueIdentifier>
    </Filter>
    <Filter Include="Headers\VFX">
      <UniqueIdentifier>{5ab53291-908b-4fa1-8498-830870940b72}</UniqueIdentifier>
    </Filter>
    <Filter Include="Source\VFX">
      <UniqueIdentifier>{9ecd86fb-1f00-47c1-a855-7bc11fd1a03e}</UniqueIdentifier>
    </Filter>
    <Filter Include="Headers\Menu\PauseScreen">
      <UniqueIdentifier>{d9b5f449-3b7b-4f05-80d5-acb940884f50}</UniqueIdentifier>
    </Filter>
    <Filter Include="Headers\Menu\GameOverScreen">
      <UniqueIdentifier>{98293be7-b79f-486f-b8c4-d3b94b82c78e}</UniqueIdentifier>
    </Filter>
  </ItemGroup>
  <ItemGroup>
    <ClCompile Include="main.cpp">
      <Filter>Source</Filter>
    </ClCompile>
    <ClCompile Include="MainMenu.cpp">
      <Filter>Source\Menu</Filter>
    </ClCompile>
    <ClCompile Include="Menu.cpp">
      <Filter>Source\Menu</Filter>
    </ClCompile>
    <ClCompile Include="Credits.cpp">
      <Filter>Source\Menu</Filter>
    </ClCompile>
    <ClCompile Include="Settings.cpp">
      <Filter>Source\Menu</Filter>
    </ClCompile>
    <ClCompile Include="Button.cpp">
      <Filter>Source\UIElements</Filter>
    </ClCompile>
    <ClCompile Include="TextScroll.cpp">
      <Filter>Source\UIElements</Filter>
    </ClCompile>
    <ClCompile Include="Slider.cpp">
      <Filter>Source\UIElements</Filter>
    </ClCompile>
    <ClCompile Include="KeyBindInput.cpp">
      <Filter>Source\UIElements</Filter>
    </ClCompile>
    <ClCompile Include="Enemy.cpp">
      <Filter>Source\GameObject</Filter>
    </ClCompile>
    <ClCompile Include="Player.cpp">
      <Filter>Source\GameObject</Filter>
    </ClCompile>
    <ClCompile Include="GameWorld.cpp">
      <Filter>Source\GameObject</Filter>
    </ClCompile>
    <ClCompile Include="Projectile.cpp">
      <Filter>Source\GameObject</Filter>
    </ClCompile>
    <ClCompile Include="Particle.cpp">
      <Filter>Source\VFX</Filter>
    </ClCompile>
    <ClCompile Include="ParticleModule.cpp">
      <Filter>Source\VFX</Filter>
    </ClCompile>
    <ClCompile Include="ParticleSystem.cpp">
      <Filter>Source\VFX</Filter>
    </ClCompile>
    <ClCompile Include="HUD.cpp">
      <Filter>Source\UIElements</Filter>
    </ClCompile>
    <ClCompile Include="Checkbox.cpp">
      <Filter>Source\UIElements</Filter>
    </ClCompile>
  </ItemGroup>
  <ItemGroup>
    <ClInclude Include="Menu.h">
      <Filter>Headers\Menu</Filter>
    </ClInclude>
    <ClInclude Include="WorldStats.h">
      <Filter>Headers\Data</Filter>
    </ClInclude>
    <ClInclude Include="Timer.h">
      <Filter>Headers\Data</Filter>
    </ClInclude>
    <ClInclude Include="TitleScreen.h">
      <Filter>Headers\Menu\TitleScreen</Filter>
    </ClInclude>
    <ClInclude Include="MainMenu.h">
      <Filter>Headers\Menu</Filter>
    </ClInclude>
    <ClInclude Include="Credits.h">
      <Filter>Headers\Menu</Filter>
    </ClInclude>
    <ClInclude Include="Settings.h">
      <Filter>Headers\Menu</Filter>
    </ClInclude>
    <ClInclude Include="Button.h">
      <Filter>Headers\UIElements</Filter>
    </ClInclude>
    <ClInclude Include="TextScroll.h">
      <Filter>Headers\UIElements</Filter>
    </ClInclude>
    <ClInclude Include="Slider.h">
      <Filter>Headers\UIElements</Filter>
    </ClInclude>
    <ClInclude Include="KeyBindInput.h">
      <Filter>Headers\UIElements</Filter>
    </ClInclude>
    <ClInclude Include="GameSettings.h">
      <Filter>Headers\Data</Filter>
    </ClInclude>
    <ClInclude Include="Player.h">
      <Filter>Headers\GameObject</Filter>
    </ClInclude>
    <ClInclude Include="Enemy.h">
      <Filter>Headers\GameObject</Filter>
    </ClInclude>
    <ClInclude Include="GameWorld.h">
      <Filter>Headers\GameObject</Filter>
    </ClInclude>
    <ClInclude Include="Projectile.h">
      <Filter>Headers\GameObject</Filter>
    </ClInclude>
    <ClInclude Include="Particle.h">
      <Filter>Headers\VFX</Filter>
    </ClInclude>
    <ClInclude Include="ParticleModule.h">
      <Filter>Headers\VFX</Filter>
    </ClInclude>
    <ClInclude Include="ParticleSystem.h">
      <Filter>Headers\VFX</Filter>
    </ClInclude>
    <ClInclude Include="SoundManager.h">
      <Filter>Headers\Data</Filter>
    </ClInclude>
    <ClInclude Include="HUD.h">
      <Filter>Headers\UIElements</Filter>
    </ClInclude>
    <ClInclude Include="Checkbox.h">
      <Filter>Headers\UIElements</Filter>
    </ClInclude>
    <ClInclude Include="GameOverScreen.h">
      <Filter>Headers\Menu\GameOverScreen</Filter>
    </ClInclude>
    <ClInclude Include="PauseScreen.h">
      <Filter>Headers\Menu\PauseScreen</Filter>
    </ClInclude>
    <ClInclude Include="resource.h">
      <Filter>Headers</Filter>
    </ClInclude>
  </ItemGroup>
  <ItemGroup>
    <ResourceCompile Include="icon.rc" />
  </ItemGroup>
  <ItemGroup>
    <Image Include="..\..\..\..\..\..\RefenseBuilds\MarketingMaterial\Logo.ico" />
  </ItemGroup>
</Project>